
Microsoft Visual Studio Solution File, Format Version 12.00
# Visual Studio Version 17
VisualStudioVersion = 17.11.35312.102
MinimumVisualStudioVersion = 10.0.40219.1
Project("{FAE04EC0-301F-11D3-BF4B-00C04F79EFBC}") = "Operators", "Operators.csproj", "{B5002258-9F0F-484D-A06C-0B41E3F1FFEF}"
EndProject
Global
	GlobalSection(SolutionConfigurationPlatforms) = preSolution
		Debug|Any CPU = Debug|Any CPU
		Release|Any CPU = Release|Any CPU
	EndGlobalSection
	GlobalSection(ProjectConfigurationPlatforms) = postSolution
		{B5002258-9F0F-484D-A06C-0B41E3F1FFEF}.Debug|Any CPU.ActiveCfg = Debug|Any CPU
		{B5002258-9F0F-484D-A06C-0B41E3F1FFEF}.Debug|Any CPU.Build.0 = Debug|Any CPU
		{B5002258-9F0F-484D-A06C-0B41E3F1FFEF}.Release|Any CPU.ActiveCfg = Release|Any CPU
		{B5002258-9F0F-484D-A06C-0B41E3F1FFEF}.Release|Any CPU.Build.0 = Release|Any CPU
	EndGlobalSection
	GlobalSection(SolutionProperties) = preSolution
		HideSolutionNode = FALSE
	EndGlobalSection
	GlobalSection(ExtensibilityGlobals) = postSolution
		SolutionGuid = {59430B29-6E53-4139-A692-2E4DB33AB316}
	EndGlobalSection
EndGlobal
