
Microsoft Visual Studio Solution File, Format Version 12.00
# Visual Studio Version 17
VisualStudioVersion = 17.11.35312.102
MinimumVisualStudioVersion = 10.0.40219.1
Project("{FAE04EC0-301F-11D3-BF4B-00C04F79EFBC}") = "String_", "String_.csproj", "{3133C590-61FF-4380-8C00-A1C6166DCBFE}"
EndProject
Global
	GlobalSection(SolutionConfigurationPlatforms) = preSolution
		Debug|Any CPU = Debug|Any CPU
		Release|Any CPU = Release|Any CPU
	EndGlobalSection
	GlobalSection(ProjectConfigurationPlatforms) = postSolution
		{3133C590-61FF-4380-8C00-A1C6166DCBFE}.Debug|Any CPU.ActiveCfg = Debug|Any CPU
		{3133C590-61FF-4380-8C00-A1C6166DCBFE}.Debug|Any CPU.Build.0 = Debug|Any CPU
		{3133C590-61FF-4380-8C00-A1C6166DCBFE}.Release|Any CPU.ActiveCfg = Release|Any CPU
		{3133C590-61FF-4380-8C00-A1C6166DCBFE}.Release|Any CPU.Build.0 = Release|Any CPU
	EndGlobalSection
	GlobalSection(SolutionProperties) = preSolution
		HideSolutionNode = FALSE
	EndGlobalSection
	GlobalSection(ExtensibilityGlobals) = postSolution
		SolutionGuid = {E701FCBC-BB2B-4FFB-A1E8-1BAD653CFDB2}
	EndGlobalSection
EndGlobal
